
Microsoft Visual Studio Solution File, Format Version 12.00
# Visual Studio Version 17
VisualStudioVersion = 17.8.34316.72
MinimumVisualStudioVersion = 10.0.40219.1
Project("{FAE04EC0-301F-11D3-BF4B-00C04F79EFBC}") = "ClassLibraryDemo", "ClassLibraryDemo\ClassLibraryDemo.csproj", "{08AC86CC-498E-457A-B1B6-D43D860EC347}"
EndProject
Project("{FAE04EC0-301F-11D3-BF4B-00C04F79EFBC}") = "TestLibrary", "TestLibrary\TestLibrary.csproj", "{537773ED-3E5A-457F-B62D-9AC66919C4D5}"
EndProject
Project("{FAE04EC0-301F-11D3-BF4B-00C04F79EFBC}") = "WinApp", "WinApp\WinApp.csproj", "{9B47E1B5-06C2-4332-80CA-1D0F0E9F811E}"
EndProject
Global
	GlobalSection(SolutionConfigurationPlatforms) = preSolution
		Debug|Any CPU = Debug|Any CPU
		Release|Any CPU = Release|Any CPU
	EndGlobalSection
	GlobalSection(ProjectConfigurationPlatforms) = postSolution
		{08AC86CC-498E-457A-B1B6-D43D860EC347}.Debug|Any CPU.ActiveCfg = Debug|Any CPU
		{08AC86CC-498E-457A-B1B6-D43D860EC347}.Debug|Any CPU.Build.0 = Debug|Any CPU
		{08AC86CC-498E-457A-B1B6-D43D860EC347}.Release|Any CPU.ActiveCfg = Release|Any CPU
		{08AC86CC-498E-457A-B1B6-D43D860EC347}.Release|Any CPU.Build.0 = Release|Any CPU
		{537773ED-3E5A-457F-B62D-9AC66919C4D5}.Debug|Any CPU.ActiveCfg = Debug|Any CPU
		{537773ED-3E5A-457F-B62D-9AC66919C4D5}.Debug|Any CPU.Build.0 = Debug|Any CPU
		{537773ED-3E5A-457F-B62D-9AC66919C4D5}.Release|Any CPU.ActiveCfg = Release|Any CPU
		{537773ED-3E5A-457F-B62D-9AC66919C4D5}.Release|Any CPU.Build.0 = Release|Any CPU
		{9B47E1B5-06C2-4332-80CA-1D0F0E9F811E}.Debug|Any CPU.ActiveCfg = Debug|Any CPU
		{9B47E1B5-06C2-4332-80CA-1D0F0E9F811E}.Debug|Any CPU.Build.0 = Debug|Any CPU
		{9B47E1B5-06C2-4332-80CA-1D0F0E9F811E}.Release|Any CPU.ActiveCfg = Release|Any CPU
		{9B47E1B5-06C2-4332-80CA-1D0F0E9F811E}.Release|Any CPU.Build.0 = Release|Any CPU
	EndGlobalSection
	GlobalSection(SolutionProperties) = preSolution
		HideSolutionNode = FALSE
	EndGlobalSection
	GlobalSection(ExtensibilityGlobals) = postSolution
		SolutionGuid = {05F05BBB-3243-452A-B62D-701492A0F95E}
	EndGlobalSection
EndGlobal
